
Microsoft Visual Studio Solution File, Format Version 12.00
# Visual Studio Version 17
VisualStudioVersion = 17.4.33110.190
MinimumVisualStudioVersion = 10.0.40219.1
Project("{FAE04EC0-301F-11D3-BF4B-00C04F79EFBC}") = "TesteBancoFirebird", "TesteBancoFirebird\TesteBancoFirebird.csproj", "{7EE52E7F-5095-4024-A760-F1BF6C2E184C}"
EndProject
Global
	GlobalSection(SolutionConfigurationPlatforms) = preSolution
		Debug|Any CPU = Debug|Any CPU
		Release|Any CPU = Release|Any CPU
	EndGlobalSection
	GlobalSection(ProjectConfigurationPlatforms) = postSolution
		{7EE52E7F-5095-4024-A760-F1BF6C2E184C}.Debug|Any CPU.ActiveCfg = Debug|Any CPU
		{7EE52E7F-5095-4024-A760-F1BF6C2E184C}.Debug|Any CPU.Build.0 = Debug|Any CPU
		{7EE52E7F-5095-4024-A760-F1BF6C2E184C}.Release|Any CPU.ActiveCfg = Release|Any CPU
		{7EE52E7F-5095-4024-A760-F1BF6C2E184C}.Release|Any CPU.Build.0 = Release|Any CPU
	EndGlobalSection
	GlobalSection(SolutionProperties) = preSolution
		HideSolutionNode = FALSE
	EndGlobalSection
	GlobalSection(ExtensibilityGlobals) = postSolution
		SolutionGuid = {BA93A789-A3D8-4988-A472-EB1A1A6A5D13}
	EndGlobalSection
EndGlobal
